// !$*UTF8*$!
{
	archiveVersion = 1;
	classes = {
	};
	objectVersion = 56;
	objects = {

/* Begin PBXBuildFile section */
		A10000000000000000000001 /* DopplerPlayerApp.swift in Sources */ = {isa = PBXBuildFile; fileRef = A20000000000000000000001 /* DopplerPlayerApp.swift */; };
		A10000000000000000000002 /* Track.swift in Sources */ = {isa = PBXBuildFile; fileRef = A20000000000000000000002 /* Track.swift */; };
		A10000000000000000000003 /* AppTheme.swift in Sources */ = {isa = PBXBuildFile; fileRef = A20000000000000000000003 /* AppTheme.swift */; };
		A10000000000000000000004 /* Color+UIImage.swift in Sources */ = {isa = PBXBuildFile; fileRef = A20000000000000000000004 /* Color+UIImage.swift */; };
		A10000000000000000000005 /* LibraryManager.swift in Sources */ = {isa = PBXBuildFile; fileRef = A20000000000000000000005 /* LibraryManager.swift */; };
		A10000000000000000000006 /* AudioPlayerManager.swift in Sources */ = {isa = PBXBuildFile; fileRef = A20000000000000000000006 /* AudioPlayerManager.swift */; };
		A10000000000000000000007 /* ContentView.swift in Sources */ = {isa = PBXBuildFile; fileRef = A20000000000000000000007 /* ContentView.swift */; };
		A10000000000000000000008 /* LibraryView.swift in Sources */ = {isa = PBXBuildFile; fileRef = A20000000000000000000008 /* LibraryView.swift */; };
		A10000000000000000000009 /* AlbumsGridView.swift in Sources */ = {isa = PBXBuildFile; fileRef = A20000000000000000000009 /* AlbumsGridView.swift */; };
		A1000000000000000000000A /* ArtistsListView.swift in Sources */ = {isa = PBXBuildFile; fileRef = A2000000000000000000000A /* ArtistsListView.swift */; };
		A1000000000000000000000B /* ArtworkThumbnail.swift in Sources */ = {isa = PBXBuildFile; fileRef = A2000000000000000000000B /* ArtworkThumbnail.swift */; };
		A1000000000000000000000C /* MiniPlayerView.swift in Sources */ = {isa = PBXBuildFile; fileRef = A2000000000000000000000C /* MiniPlayerView.swift */; };
		A1000000000000000000000D /* NowPlayingView.swift in Sources */ = {isa = PBXBuildFile; fileRef = A2000000000000000000000D /* NowPlayingView.swift */; };
		A1000000000000000000000E /* Assets.xcassets in Resources */ = {isa = PBXBuildFile; fileRef = A2000000000000000000000E /* Assets.xcassets */; };
		A10000000000000000000010 /* LyricLine.swift in Sources */ = {isa = PBXBuildFile; fileRef = A20000000000000000000010 /* LyricLine.swift */; };
		A10000000000000000000011 /* Haptics.swift in Sources */ = {isa = PBXBuildFile; fileRef = A20000000000000000000011 /* Haptics.swift */; };
		A10000000000000000000012 /* DragDismissModifier.swift in Sources */ = {isa = PBXBuildFile; fileRef = A20000000000000000000012 /* DragDismissModifier.swift */; };
		A10000000000000000000013 /* LyricsScrollView.swift in Sources */ = {isa = PBXBuildFile; fileRef = A20000000000000000000013 /* LyricsScrollView.swift */; };
		A10000000000000000000014 /* SettingsView.swift in Sources */ = {isa = PBXBuildFile; fileRef = A20000000000000000000014 /* SettingsView.swift */; };
		A10000000000000000000015 /* Playlist.swift in Sources */ = {isa = PBXBuildFile; fileRef = A20000000000000000000015 /* Playlist.swift */; };
		A10000000000000000000016 /* PlaylistStore.swift in Sources */ = {isa = PBXBuildFile; fileRef = A20000000000000000000016 /* PlaylistStore.swift */; };
		A10000000000000000000017 /* PlaylistsView.swift in Sources */ = {isa = PBXBuildFile; fileRef = A20000000000000000000017 /* PlaylistsView.swift */; };
		A10000000000000000000018 /* PlaylistDetailView.swift in Sources */ = {isa = PBXBuildFile; fileRef = A20000000000000000000018 /* PlaylistDetailView.swift */; };
		A10000000000000000000019 /* AddToPlaylistSheet.swift in Sources */ = {isa = PBXBuildFile; fileRef = A20000000000000000000019 /* AddToPlaylistSheet.swift */; };
		A1000000000000000000001A /* TrackActionModifier.swift in Sources */ = {isa = PBXBuildFile; fileRef = A2000000000000000000001A /* TrackActionModifier.swift */; };
		A1000000000000000000001B /* ThemeManager.swift in Sources */ = {isa = PBXBuildFile; fileRef = A2000000000000000000001B /* ThemeManager.swift */; };
/* End PBXBuildFile section */

/* Begin PBXFileReference section */
		A20000000000000000000001 /* DopplerPlayerApp.swift */ = {isa = PBXFileReference; lastKnownFileType = sourcecode.swift; path = DopplerPlayerApp.swift; sourceTree = "<group>"; };
		A20000000000000000000002 /* Track.swift */ = {isa = PBXFileReference; lastKnownFileType = sourcecode.swift; path = Track.swift; sourceTree = "<group>"; };
		A20000000000000000000003 /* AppTheme.swift */ = {isa = PBXFileReference; lastKnownFileType = sourcecode.swift; path = AppTheme.swift; sourceTree = "<group>"; };
		A20000000000000000000004 /* Color+UIImage.swift */ = {isa = PBXFileReference; lastKnownFileType = sourcecode.swift; path = "Color+UIImage.swift"; sourceTree = "<group>"; };
		A20000000000000000000005 /* LibraryManager.swift */ = {isa = PBXFileReference; lastKnownFileType = sourcecode.swift; path = LibraryManager.swift; sourceTree = "<group>"; };
		A20000000000000000000006 /* AudioPlayerManager.swift */ = {isa = PBXFileReference; lastKnownFileType = sourcecode.swift; path = AudioPlayerManager.swift; sourceTree = "<group>"; };
		A20000000000000000000007 /* ContentView.swift */ = {isa = PBXFileReference; lastKnownFileType = sourcecode.swift; path = ContentView.swift; sourceTree = "<group>"; };
		A20000000000000000000008 /* LibraryView.swift */ = {isa = PBXFileReference; lastKnownFileType = sourcecode.swift; path = LibraryView.swift; sourceTree = "<group>"; };
		A20000000000000000000009 /* AlbumsGridView.swift */ = {isa = PBXFileReference; lastKnownFileType = sourcecode.swift; path = AlbumsGridView.swift; sourceTree = "<group>"; };
		A2000000000000000000000A /* ArtistsListView.swift */ = {isa = PBXFileReference; lastKnownFileType = sourcecode.swift; path = ArtistsListView.swift; sourceTree = "<group>"; };
		A2000000000000000000000B /* ArtworkThumbnail.swift */ = {isa = PBXFileReference; lastKnownFileType = sourcecode.swift; path = ArtworkThumbnail.swift; sourceTree = "<group>"; };
		A2000000000000000000000C /* MiniPlayerView.swift */ = {isa = PBXFileReference; lastKnownFileType = sourcecode.swift; path = MiniPlayerView.swift; sourceTree = "<group>"; };
		A2000000000000000000000D /* NowPlayingView.swift */ = {isa = PBXFileReference; lastKnownFileType = sourcecode.swift; path = NowPlayingView.swift; sourceTree = "<group>"; };
		A2000000000000000000000E /* Assets.xcassets */ = {isa = PBXFileReference; lastKnownFileType = folder.assetcatalog; path = Assets.xcassets; sourceTree = "<group>"; };
		A2000000000000000000000F /* Info.plist */ = {isa = PBXFileReference; lastKnownFileType = text.plist.xml; path = Info.plist; sourceTree = "<group>"; };
		A20000000000000000000010 /* LyricLine.swift */ = {isa = PBXFileReference; lastKnownFileType = sourcecode.swift; path = LyricLine.swift; sourceTree = "<group>"; };
		A20000000000000000000011 /* Haptics.swift */ = {isa = PBXFileReference; lastKnownFileType = sourcecode.swift; path = Haptics.swift; sourceTree = "<group>"; };
		A20000000000000000000012 /* DragDismissModifier.swift */ = {isa = PBXFileReference; lastKnownFileType = sourcecode.swift; path = DragDismissModifier.swift; sourceTree = "<group>"; };
		A20000000000000000000013 /* LyricsScrollView.swift */ = {isa = PBXFileReference; lastKnownFileType = sourcecode.swift; path = LyricsScrollView.swift; sourceTree = "<group>"; };
		A20000000000000000000014 /* SettingsView.swift */ = {isa = PBXFileReference; lastKnownFileType = sourcecode.swift; path = SettingsView.swift; sourceTree = "<group>"; };
		A20000000000000000000015 /* Playlist.swift */ = {isa = PBXFileReference; lastKnownFileType = sourcecode.swift; path = Playlist.swift; sourceTree = "<group>"; };
		A20000000000000000000016 /* PlaylistStore.swift */ = {isa = PBXFileReference; lastKnownFileType = sourcecode.swift; path = PlaylistStore.swift; sourceTree = "<group>"; };
		A20000000000000000000017 /* PlaylistsView.swift */ = {isa = PBXFileReference; lastKnownFileType = sourcecode.swift; path = PlaylistsView.swift; sourceTree = "<group>"; };
		A20000000000000000000018 /* PlaylistDetailView.swift */ = {isa = PBXFileReference; lastKnownFileType = sourcecode.swift; path = PlaylistDetailView.swift; sourceTree = "<group>"; };
		A20000000000000000000019 /* AddToPlaylistSheet.swift */ = {isa = PBXFileReference; lastKnownFileType = sourcecode.swift; path = AddToPlaylistSheet.swift; sourceTree = "<group>"; };
		A2000000000000000000001A /* TrackActionModifier.swift */ = {isa = PBXFileReference; lastKnownFileType = sourcecode.swift; path = TrackActionModifier.swift; sourceTree = "<group>"; };
		A2000000000000000000001B /* ThemeManager.swift */ = {isa = PBXFileReference; lastKnownFileType = sourcecode.swift; path = ThemeManager.swift; sourceTree = "<group>"; };
		A30000000000000000000001 /* DopplerPlayer.app */ = {isa = PBXFileReference; explicitFileType = wrapper.application; includeInIndex = 0; path = DopplerPlayer.app; sourceTree = BUILT_PRODUCTS_DIR; };
/* End PBXFileReference section */

/* Begin PBXFrameworksBuildPhase section */
		A40000000000000000000001 /* Frameworks */ = {
			isa = PBXFrameworksBuildPhase;
			buildActionMask = 2147483647;
			files = (
			);
			runOnlyForDeploymentPostprocessing = 0;
		};
/* End PBXFrameworksBuildPhase section */

/* Begin PBXGroup section */
		A50000000000000000000001 = {
			isa = PBXGroup;
			children = (
				A50000000000000000000002 /* DopplerPlayer */,
				A50000000000000000000003 /* Products */,
			);
			sourceTree = "<group>";
		};
		A50000000000000000000002 /* DopplerPlayer */ = {
			isa = PBXGroup;
			children = (
				A20000000000000000000001 /* DopplerPlayerApp.swift */,
				A50000000000000000000004 /* Models */,
				A50000000000000000000005 /* Services */,
				A50000000000000000000006 /* Views */,
				A50000000000000000000007 /* Theme */,
				A50000000000000000000008 /* Extensions */,
				A50000000000000000000009 /* Utilities */,
				A2000000000000000000000E /* Assets.xcassets */,
				A2000000000000000000000F /* Info.plist */,
			);
			path = DopplerPlayer;
			sourceTree = "<group>";
		};
		A50000000000000000000003 /* Products */ = {
			isa = PBXGroup;
			children = (
				A30000000000000000000001 /* DopplerPlayer.app */,
			);
			name = Products;
			sourceTree = "<group>";
		};
		A50000000000000000000004 /* Models */ = {
			isa = PBXGroup;
			children = (
				A20000000000000000000002 /* Track.swift */,
				A20000000000000000000010 /* LyricLine.swift */,
				A20000000000000000000015 /* Playlist.swift */,
			);
			path = Models;
			sourceTree = "<group>";
		};
		A50000000000000000000005 /* Services */ = {
			isa = PBXGroup;
			children = (
				A20000000000000000000005 /* LibraryManager.swift */,
				A20000000000000000000006 /* AudioPlayerManager.swift */,
				A20000000000000000000016 /* PlaylistStore.swift */,
				A2000000000000000000001B /* ThemeManager.swift */,
			);
			path = Services;
			sourceTree = "<group>";
		};
		A50000000000000000000006 /* Views */ = {
			isa = PBXGroup;
			children = (
				A20000000000000000000007 /* ContentView.swift */,
				A20000000000000000000008 /* LibraryView.swift */,
				A20000000000000000000009 /* AlbumsGridView.swift */,
				A2000000000000000000000A /* ArtistsListView.swift */,
				A2000000000000000000000B /* ArtworkThumbnail.swift */,
				A2000000000000000000000C /* MiniPlayerView.swift */,
				A2000000000000000000000D /* NowPlayingView.swift */,
				A20000000000000000000012 /* DragDismissModifier.swift */,
				A20000000000000000000013 /* LyricsScrollView.swift */,
				A20000000000000000000014 /* SettingsView.swift */,
				A20000000000000000000017 /* PlaylistsView.swift */,
				A20000000000000000000018 /* PlaylistDetailView.swift */,
				A20000000000000000000019 /* AddToPlaylistSheet.swift */,
				A2000000000000000000001A /* TrackActionModifier.swift */,
			);
			path = Views;
			sourceTree = "<group>";
		};
		A50000000000000000000009 /* Utilities */ = {
			isa = PBXGroup;
			children = (
				A20000000000000000000011 /* Haptics.swift */,
			);
			path = Utilities;
			sourceTree = "<group>";
		};
		A50000000000000000000007 /* Theme */ = {
			isa = PBXGroup;
			children = (
				A20000000000000000000003 /* AppTheme.swift */,
			);
			path = Theme;
			sourceTree = "<group>";
		};
		A50000000000000000000008 /* Extensions */ = {
			isa = PBXGroup;
			children = (
				A20000000000000000000004 /* Color+UIImage.swift */,
			);
			path = Extensions;
			sourceTree = "<group>";
		};
/* End PBXGroup section */

/* Begin PBXNativeTarget section */
		A60000000000000000000001 /* DopplerPlayer */ = {
			isa = PBXNativeTarget;
			buildConfigurationList = A80000000000000000000003 /* Build configuration list for PBXNativeTarget "DopplerPlayer" */;
			buildPhases = (
				A70000000000000000000001 /* Sources */,
				A40000000000000000000001 /* Frameworks */,
				A70000000000000000000002 /* Resources */,
			);
			buildRules = (
			);
			dependencies = (
			);
			name = DopplerPlayer;
			productName = DopplerPlayer;
			productReference = A30000000000000000000001 /* DopplerPlayer.app */;
			productType = "com.apple.product-type.application";
		};
/* End PBXNativeTarget section */

/* Begin PBXProject section */
		A90000000000000000000001 /* Project object */ = {
			isa = PBXProject;
			attributes = {
				BuildIndependentTargetsInParallel = 1;
				LastSwiftUpdateCheck = 1500;
				LastUpgradeCheck = 1500;
				TargetAttributes = {
					A60000000000000000000001 = {
						CreatedOnToolsVersion = 15.0;
					};
				};
			};
			buildConfigurationList = A80000000000000000000001 /* Build configuration list for PBXProject "DopplerPlayer" */;
			compatibilityVersion = "Xcode 14.0";
			developmentRegion = en;
			hasScannedForEncodings = 0;
			knownRegions = (
				en,
				Base,
				"zh-Hans",
			);
			mainGroup = A50000000000000000000001;
			productRefGroup = A50000000000000000000003 /* Products */;
			projectDirPath = "";
			projectRoot = "";
			targets = (
				A60000000000000000000001 /* DopplerPlayer */,
			);
		};
/* End PBXProject section */

/* Begin PBXResourcesBuildPhase section */
		A70000000000000000000002 /* Resources */ = {
			isa = PBXResourcesBuildPhase;
			buildActionMask = 2147483647;
			files = (
				A1000000000000000000000E /* Assets.xcassets in Resources */,
			);
			runOnlyForDeploymentPostprocessing = 0;
		};
/* End PBXResourcesBuildPhase section */

/* Begin PBXSourcesBuildPhase section */
		A70000000000000000000001 /* Sources */ = {
			isa = PBXSourcesBuildPhase;
			buildActionMask = 2147483647;
			files = (
				A10000000000000000000001 /* DopplerPlayerApp.swift in Sources */,
				A10000000000000000000002 /* Track.swift in Sources */,
				A10000000000000000000003 /* AppTheme.swift in Sources */,
				A10000000000000000000004 /* Color+UIImage.swift in Sources */,
				A10000000000000000000005 /* LibraryManager.swift in Sources */,
				A10000000000000000000006 /* AudioPlayerManager.swift in Sources */,
				A10000000000000000000007 /* ContentView.swift in Sources */,
				A10000000000000000000008 /* LibraryView.swift in Sources */,
				A10000000000000000000009 /* AlbumsGridView.swift in Sources */,
				A1000000000000000000000A /* ArtistsListView.swift in Sources */,
				A1000000000000000000000B /* ArtworkThumbnail.swift in Sources */,
				A1000000000000000000000C /* MiniPlayerView.swift in Sources */,
				A1000000000000000000000D /* NowPlayingView.swift in Sources */,
				A10000000000000000000010 /* LyricLine.swift in Sources */,
				A10000000000000000000011 /* Haptics.swift in Sources */,
				A10000000000000000000012 /* DragDismissModifier.swift in Sources */,
				A10000000000000000000013 /* LyricsScrollView.swift in Sources */,
				A10000000000000000000014 /* SettingsView.swift in Sources */,
				A10000000000000000000015 /* Playlist.swift in Sources */,
				A10000000000000000000016 /* PlaylistStore.swift in Sources */,
				A10000000000000000000017 /* PlaylistsView.swift in Sources */,
				A10000000000000000000018 /* PlaylistDetailView.swift in Sources */,
				A10000000000000000000019 /* AddToPlaylistSheet.swift in Sources */,
				A1000000000000000000001A /* TrackActionModifier.swift in Sources */,
				A1000000000000000000001B /* ThemeManager.swift in Sources */,
			);
			runOnlyForDeploymentPostprocessing = 0;
		};
/* End PBXSourcesBuildPhase section */

/* Begin XCBuildConfiguration section */
		AB0000000000000000000001 /* Debug */ = {
			isa = XCBuildConfiguration;
			buildSettings = {
				ALWAYS_SEARCH_USER_PATHS = NO;
				CLANG_ENABLE_MODULES = YES;
				CLANG_ENABLE_OBJC_ARC = YES;
				COPY_PHASE_STRIP = NO;
				DEBUG_INFORMATION_FORMAT = dwarf;
				ENABLE_STRICT_OBJC_MSGSEND = YES;
				ENABLE_TESTABILITY = YES;
				GCC_DYNAMIC_NO_PIC = NO;
				GCC_OPTIMIZATION_LEVEL = 0;
				GCC_PREPROCESSOR_DEFINITIONS = (
					"DEBUG=1",
					"$(inherited)",
				);
				IPHONEOS_DEPLOYMENT_TARGET = 17.0;
				MTL_ENABLE_DEBUG_INFO = INCLUDE_SOURCE;
				ONLY_ACTIVE_ARCH = YES;
				SDKROOT = iphoneos;
				SWIFT_ACTIVE_COMPILATION_CONDITIONS = DEBUG;
				SWIFT_OPTIMIZATION_LEVEL = "-Onone";
			};
			name = Debug;
		};
		AB0000000000000000000002 /* Release */ = {
			isa = XCBuildConfiguration;
			buildSettings = {
				ALWAYS_SEARCH_USER_PATHS = NO;
				CLANG_ENABLE_MODULES = YES;
				CLANG_ENABLE_OBJC_ARC = YES;
				COPY_PHASE_STRIP = NO;
				DEBUG_INFORMATION_FORMAT = "dwarf-with-dsym";
				ENABLE_NS_ASSERTIONS = NO;
				ENABLE_STRICT_OBJC_MSGSEND = YES;
				IPHONEOS_DEPLOYMENT_TARGET = 17.0;
				MTL_ENABLE_DEBUG_INFO = NO;
				SDKROOT = iphoneos;
				SWIFT_COMPILATION_MODE = wholemodule;
				VALIDATE_PRODUCT = YES;
			};
			name = Release;
		};
		AB0000000000000000000003 /* Debug */ = {
			isa = XCBuildConfiguration;
			buildSettings = {
				ASSETCATALOG_COMPILER_APPICON_NAME = AppIcon;
				ASSETCATALOG_COMPILER_GLOBAL_ACCENT_COLOR_NAME = AccentColor;
				CODE_SIGN_STYLE = Automatic;
				CURRENT_PROJECT_VERSION = 1;
				DEVELOPMENT_TEAM = "";
				ENABLE_PREVIEWS = YES;
				GENERATE_INFOPLIST_FILE = NO;
				INFOPLIST_FILE = DopplerPlayer/Info.plist;
				INFOPLIST_KEY_UIApplicationSceneManifest_Generation = YES;
				INFOPLIST_KEY_UILaunchScreen_Generation = YES;
				INFOPLIST_KEY_UISupportedInterfaceOrientations = UIInterfaceOrientationPortrait;
				LD_RUNPATH_SEARCH_PATHS = (
					"$(inherited)",
					"@executable_path/Frameworks",
				);
				MARKETING_VERSION = 1.0;
				PRODUCT_BUNDLE_IDENTIFIER = com.doppler.player;
				PRODUCT_NAME = "$(TARGET_NAME)";
				SUPPORTED_PLATFORMS = "iphoneos iphonesimulator";
				SUPPORTS_MACCATALYST = NO;
				SWIFT_EMIT_LOC_STRINGS = YES;
				SWIFT_VERSION = 5.0;
				TARGETED_DEVICE_FAMILY = "1,2";
			};
			name = Debug;
		};
		AB0000000000000000000004 /* Release */ = {
			isa = XCBuildConfiguration;
			buildSettings = {
				ASSETCATALOG_COMPILER_APPICON_NAME = AppIcon;
				ASSETCATALOG_COMPILER_GLOBAL_ACCENT_COLOR_NAME = AccentColor;
				CODE_SIGN_STYLE = Automatic;
				CURRENT_PROJECT_VERSION = 1;
				DEVELOPMENT_TEAM = "";
				ENABLE_PREVIEWS = YES;
				GENERATE_INFOPLIST_FILE = NO;
				INFOPLIST_FILE = DopplerPlayer/Info.plist;
				INFOPLIST_KEY_UIApplicationSceneManifest_Generation = YES;
				INFOPLIST_KEY_UILaunchScreen_Generation = YES;
				INFOPLIST_KEY_UISupportedInterfaceOrientations = UIInterfaceOrientationPortrait;
				LD_RUNPATH_SEARCH_PATHS = (
					"$(inherited)",
					"@executable_path/Frameworks",
				);
				MARKETING_VERSION = 1.0;
				PRODUCT_BUNDLE_IDENTIFIER = com.doppler.player;
				PRODUCT_NAME = "$(TARGET_NAME)";
				SUPPORTED_PLATFORMS = "iphoneos iphonesimulator";
				SUPPORTS_MACCATALYST = NO;
				SWIFT_EMIT_LOC_STRINGS = YES;
				SWIFT_VERSION = 5.0;
				TARGETED_DEVICE_FAMILY = "1,2";
			};
			name = Release;
		};
/* End XCBuildConfiguration section */

/* Begin XCConfigurationList section */
		A80000000000000000000001 /* Build configuration list for PBXProject "DopplerPlayer" */ = {
			isa = XCConfigurationList;
			buildConfigurations = (
				AB0000000000000000000001 /* Debug */,
				AB0000000000000000000002 /* Release */,
			);
			defaultConfigurationIsVisible = 0;
			defaultConfigurationName = Release;
		};
		A80000000000000000000003 /* Build configuration list for PBXNativeTarget "DopplerPlayer" */ = {
			isa = XCConfigurationList;
			buildConfigurations = (
				AB0000000000000000000003 /* Debug */,
				AB0000000000000000000004 /* Release */,
			);
			defaultConfigurationIsVisible = 0;
			defaultConfigurationName = Release;
		};
/* End XCConfigurationList section */
	};
	rootObject = A90000000000000000000001 /* Project object */;
}
